
Microsoft Visual Studio Solution File, Format Version 12.00
# Visual Studio 14
VisualStudioVersion = 14.0.25420.1
MinimumVisualStudioVersion = 10.0.40219.1
Project("{2150E333-8FDC-42A3-9474-1A3956D46DE8}") = "src", "src", "{F59991EE-28D7-4388-BB72-9015985B45FD}"
EndProject
Project("{2150E333-8FDC-42A3-9474-1A3956D46DE8}") = "Solution Items", "Solution Items", "{76227800-AD9B-4DAA-A3AF-AA079E97EBE8}"
	ProjectSection(SolutionItems) = preProject
		global.json = global.json
	EndProjectSection
EndProject
Project("{2150E333-8FDC-42A3-9474-1A3956D46DE8}") = "App", "App", "{48C310A5-9196-4F58-BC09-B28367ED76F4}"
EndProject
Project("{2150E333-8FDC-42A3-9474-1A3956D46DE8}") = "Core", "Core", "{DDCA8E79-F307-40FA-B26C-31012DD648D9}"
EndProject
Project("{2150E333-8FDC-42A3-9474-1A3956D46DE8}") = "Infrastructure", "Infrastructure", "{1C45A422-21E7-4D93-A736-6D6E48444793}"
EndProject
Project("{2150E333-8FDC-42A3-9474-1A3956D46DE8}") = "Web", "Web", "{972C1D5A-6D94-4977-BB00-21DF021F772B}"
EndProject
Project("{8BB2217D-0F2D-49D1-97BC-3654ED321F3B}") = "IDDD.Core", "src\IDDD.Core\IDDD.Core.xproj", "{5557AD48-EB7F-4CB2-9182-DD8449103B6C}"
EndProject
Project("{8BB2217D-0F2D-49D1-97BC-3654ED321F3B}") = "IDDD.Core.Domain", "src\IDDD.Core.Domain\IDDD.Core.Domain.xproj", "{2F3A009C-4112-4B46-8D3A-9119AADF6660}"
EndProject
Project("{8BB2217D-0F2D-49D1-97BC-3654ED321F3B}") = "IDDD.Core.Cqs", "src\IDDD.Core.Cqs\IDDD.Core.Cqs.xproj", "{B99425C9-5691-4EE5-971B-B0E536DF44EF}"
EndProject
Project("{8BB2217D-0F2D-49D1-97BC-3654ED321F3B}") = "IDDD.Domain", "src\IDDD.Domain\IDDD.Domain.xproj", "{7240D419-22AD-4EEC-9E87-E2858B35D775}"
EndProject
Project("{8BB2217D-0F2D-49D1-97BC-3654ED321F3B}") = "IDDD.App.Cqs", "src\IDDD.App.Cqs\IDDD.App.Cqs.xproj", "{5C9EE6A4-9732-4C4F-B434-BD61974E575A}"
EndProject
Project("{8BB2217D-0F2D-49D1-97BC-3654ED321F3B}") = "IDDD.Web.Api", "src\IDDD.Web.Api\IDDD.Web.Api.xproj", "{67CC9F66-900B-4BAD-965D-6142D8972515}"
EndProject
Project("{8BB2217D-0F2D-49D1-97BC-3654ED321F3B}") = "IDDD.Infrastructure", "src\IDDD.Infrastructure\IDDD.Infrastructure.xproj", "{CF18FBB9-052E-4E8F-90DF-0DBBA501B3B8}"
EndProject
Project("{8BB2217D-0F2D-49D1-97BC-3654ED321F3B}") = "IDDD.Infrastructure.Mongo", "src\IDDD.Infrastructure.Mongo\IDDD.Infrastructure.Mongo.xproj", "{2F45BE22-52B1-430F-8AB0-DE4ECDEC8543}"
EndProject
Project("{8BB2217D-0F2D-49D1-97BC-3654ED321F3B}") = "IDDD.App", "src\IDDD.App\IDDD.App.xproj", "{03C406FF-1584-4E2D-A77B-BDAFD77DF2F6}"
EndProject
Project("{2150E333-8FDC-42A3-9474-1A3956D46DE8}") = "OpenIddict", "OpenIddict", "{C0DACA9F-8F43-46F8-8901-B405BD491A2E}"
EndProject
Project("{8BB2217D-0F2D-49D1-97BC-3654ED321F3B}") = "OpenIddict.Core", "src\OpenIddict.Core\OpenIddict.Core.xproj", "{E9719613-5514-4782-8FD3-E5BC45138E6F}"
EndProject
Project("{8BB2217D-0F2D-49D1-97BC-3654ED321F3B}") = "OpenIddict.Models", "src\OpenIddict.Models\OpenIddict.Models.xproj", "{03688EDF-E7A4-459E-B7B8-55F794629FCC}"
EndProject
Project("{8BB2217D-0F2D-49D1-97BC-3654ED321F3B}") = "OpenIddict.Mongo", "src\OpenIddict.Mongo\OpenIddict.Mongo.xproj", "{9729A39E-3008-4083-98D6-DA28FE191916}"
EndProject
Project("{8BB2217D-0F2D-49D1-97BC-3654ED321F3B}") = "OpenIddict.Mvc", "src\OpenIddict.Mvc\OpenIddict.Mvc.xproj", "{A4ED2FCD-E016-4F8D-A314-2485D7A5F5EB}"
EndProject
Project("{8BB2217D-0F2D-49D1-97BC-3654ED321F3B}") = "OpenIddict", "src\OpenIddict\OpenIddict.xproj", "{74D2C5F5-5F7E-498D-80CA-B8D770B286A7}"
EndProject
Global
	GlobalSection(SolutionConfigurationPlatforms) = preSolution
		Debug|Any CPU = Debug|Any CPU
		Release|Any CPU = Release|Any CPU
	EndGlobalSection
	GlobalSection(ProjectConfigurationPlatforms) = postSolution
		{5557AD48-EB7F-4CB2-9182-DD8449103B6C}.Debug|Any CPU.ActiveCfg = Debug|Any CPU
		{5557AD48-EB7F-4CB2-9182-DD8449103B6C}.Debug|Any CPU.Build.0 = Debug|Any CPU
		{5557AD48-EB7F-4CB2-9182-DD8449103B6C}.Release|Any CPU.ActiveCfg = Release|Any CPU
		{5557AD48-EB7F-4CB2-9182-DD8449103B6C}.Release|Any CPU.Build.0 = Release|Any CPU
		{2F3A009C-4112-4B46-8D3A-9119AADF6660}.Debug|Any CPU.ActiveCfg = Debug|Any CPU
		{2F3A009C-4112-4B46-8D3A-9119AADF6660}.Debug|Any CPU.Build.0 = Debug|Any CPU
		{2F3A009C-4112-4B46-8D3A-9119AADF6660}.Release|Any CPU.ActiveCfg = Release|Any CPU
		{2F3A009C-4112-4B46-8D3A-9119AADF6660}.Release|Any CPU.Build.0 = Release|Any CPU
		{B99425C9-5691-4EE5-971B-B0E536DF44EF}.Debug|Any CPU.ActiveCfg = Debug|Any CPU
		{B99425C9-5691-4EE5-971B-B0E536DF44EF}.Debug|Any CPU.Build.0 = Debug|Any CPU
		{B99425C9-5691-4EE5-971B-B0E536DF44EF}.Release|Any CPU.ActiveCfg = Release|Any CPU
		{B99425C9-5691-4EE5-971B-B0E536DF44EF}.Release|Any CPU.Build.0 = Release|Any CPU
		{7240D419-22AD-4EEC-9E87-E2858B35D775}.Debug|Any CPU.ActiveCfg = Debug|Any CPU
		{7240D419-22AD-4EEC-9E87-E2858B35D775}.Debug|Any CPU.Build.0 = Debug|Any CPU
		{7240D419-22AD-4EEC-9E87-E2858B35D775}.Release|Any CPU.ActiveCfg = Release|Any CPU
		{7240D419-22AD-4EEC-9E87-E2858B35D775}.Release|Any CPU.Build.0 = Release|Any CPU
		{5C9EE6A4-9732-4C4F-B434-BD61974E575A}.Debug|Any CPU.ActiveCfg = Debug|Any CPU
		{5C9EE6A4-9732-4C4F-B434-BD61974E575A}.Debug|Any CPU.Build.0 = Debug|Any CPU
		{5C9EE6A4-9732-4C4F-B434-BD61974E575A}.Release|Any CPU.ActiveCfg = Release|Any CPU
		{5C9EE6A4-9732-4C4F-B434-BD61974E575A}.Release|Any CPU.Build.0 = Release|Any CPU
		{67CC9F66-900B-4BAD-965D-6142D8972515}.Debug|Any CPU.ActiveCfg = Debug|Any CPU
		{67CC9F66-900B-4BAD-965D-6142D8972515}.Debug|Any CPU.Build.0 = Debug|Any CPU
		{67CC9F66-900B-4BAD-965D-6142D8972515}.Release|Any CPU.ActiveCfg = Release|Any CPU
		{67CC9F66-900B-4BAD-965D-6142D8972515}.Release|Any CPU.Build.0 = Release|Any CPU
		{CF18FBB9-052E-4E8F-90DF-0DBBA501B3B8}.Debug|Any CPU.ActiveCfg = Debug|Any CPU
		{CF18FBB9-052E-4E8F-90DF-0DBBA501B3B8}.Debug|Any CPU.Build.0 = Debug|Any CPU
		{CF18FBB9-052E-4E8F-90DF-0DBBA501B3B8}.Release|Any CPU.ActiveCfg = Release|Any CPU
		{CF18FBB9-052E-4E8F-90DF-0DBBA501B3B8}.Release|Any CPU.Build.0 = Release|Any CPU
		{2F45BE22-52B1-430F-8AB0-DE4ECDEC8543}.Debug|Any CPU.ActiveCfg = Debug|Any CPU
		{2F45BE22-52B1-430F-8AB0-DE4ECDEC8543}.Debug|Any CPU.Build.0 = Debug|Any CPU
		{2F45BE22-52B1-430F-8AB0-DE4ECDEC8543}.Release|Any CPU.ActiveCfg = Release|Any CPU
		{2F45BE22-52B1-430F-8AB0-DE4ECDEC8543}.Release|Any CPU.Build.0 = Release|Any CPU
		{03C406FF-1584-4E2D-A77B-BDAFD77DF2F6}.Debug|Any CPU.ActiveCfg = Debug|Any CPU
		{03C406FF-1584-4E2D-A77B-BDAFD77DF2F6}.Debug|Any CPU.Build.0 = Debug|Any CPU
		{03C406FF-1584-4E2D-A77B-BDAFD77DF2F6}.Release|Any CPU.ActiveCfg = Release|Any CPU
		{03C406FF-1584-4E2D-A77B-BDAFD77DF2F6}.Release|Any CPU.Build.0 = Release|Any CPU
		{E9719613-5514-4782-8FD3-E5BC45138E6F}.Debug|Any CPU.ActiveCfg = Debug|Any CPU
		{E9719613-5514-4782-8FD3-E5BC45138E6F}.Debug|Any CPU.Build.0 = Debug|Any CPU
		{E9719613-5514-4782-8FD3-E5BC45138E6F}.Release|Any CPU.ActiveCfg = Release|Any CPU
		{E9719613-5514-4782-8FD3-E5BC45138E6F}.Release|Any CPU.Build.0 = Release|Any CPU
		{03688EDF-E7A4-459E-B7B8-55F794629FCC}.Debug|Any CPU.ActiveCfg = Debug|Any CPU
		{03688EDF-E7A4-459E-B7B8-55F794629FCC}.Debug|Any CPU.Build.0 = Debug|Any CPU
		{03688EDF-E7A4-459E-B7B8-55F794629FCC}.Release|Any CPU.ActiveCfg = Release|Any CPU
		{03688EDF-E7A4-459E-B7B8-55F794629FCC}.Release|Any CPU.Build.0 = Release|Any CPU
		{9729A39E-3008-4083-98D6-DA28FE191916}.Debug|Any CPU.ActiveCfg = Debug|Any CPU
		{9729A39E-3008-4083-98D6-DA28FE191916}.Debug|Any CPU.Build.0 = Debug|Any CPU
		{9729A39E-3008-4083-98D6-DA28FE191916}.Release|Any CPU.ActiveCfg = Release|Any CPU
		{9729A39E-3008-4083-98D6-DA28FE191916}.Release|Any CPU.Build.0 = Release|Any CPU
		{A4ED2FCD-E016-4F8D-A314-2485D7A5F5EB}.Debug|Any CPU.ActiveCfg = Debug|Any CPU
		{A4ED2FCD-E016-4F8D-A314-2485D7A5F5EB}.Debug|Any CPU.Build.0 = Debug|Any CPU
		{A4ED2FCD-E016-4F8D-A314-2485D7A5F5EB}.Release|Any CPU.ActiveCfg = Release|Any CPU
		{A4ED2FCD-E016-4F8D-A314-2485D7A5F5EB}.Release|Any CPU.Build.0 = Release|Any CPU
		{74D2C5F5-5F7E-498D-80CA-B8D770B286A7}.Debug|Any CPU.ActiveCfg = Debug|Any CPU
		{74D2C5F5-5F7E-498D-80CA-B8D770B286A7}.Debug|Any CPU.Build.0 = Debug|Any CPU
		{74D2C5F5-5F7E-498D-80CA-B8D770B286A7}.Release|Any CPU.ActiveCfg = Release|Any CPU
		{74D2C5F5-5F7E-498D-80CA-B8D770B286A7}.Release|Any CPU.Build.0 = Release|Any CPU
	EndGlobalSection
	GlobalSection(SolutionProperties) = preSolution
		HideSolutionNode = FALSE
	EndGlobalSection
	GlobalSection(NestedProjects) = preSolution
		{48C310A5-9196-4F58-BC09-B28367ED76F4} = {F59991EE-28D7-4388-BB72-9015985B45FD}
		{DDCA8E79-F307-40FA-B26C-31012DD648D9} = {F59991EE-28D7-4388-BB72-9015985B45FD}
		{1C45A422-21E7-4D93-A736-6D6E48444793} = {F59991EE-28D7-4388-BB72-9015985B45FD}
		{972C1D5A-6D94-4977-BB00-21DF021F772B} = {F59991EE-28D7-4388-BB72-9015985B45FD}
		{5557AD48-EB7F-4CB2-9182-DD8449103B6C} = {DDCA8E79-F307-40FA-B26C-31012DD648D9}
		{2F3A009C-4112-4B46-8D3A-9119AADF6660} = {DDCA8E79-F307-40FA-B26C-31012DD648D9}
		{B99425C9-5691-4EE5-971B-B0E536DF44EF} = {DDCA8E79-F307-40FA-B26C-31012DD648D9}
		{7240D419-22AD-4EEC-9E87-E2858B35D775} = {DDCA8E79-F307-40FA-B26C-31012DD648D9}
		{5C9EE6A4-9732-4C4F-B434-BD61974E575A} = {48C310A5-9196-4F58-BC09-B28367ED76F4}
		{67CC9F66-900B-4BAD-965D-6142D8972515} = {972C1D5A-6D94-4977-BB00-21DF021F772B}
		{CF18FBB9-052E-4E8F-90DF-0DBBA501B3B8} = {1C45A422-21E7-4D93-A736-6D6E48444793}
		{2F45BE22-52B1-430F-8AB0-DE4ECDEC8543} = {1C45A422-21E7-4D93-A736-6D6E48444793}
		{03C406FF-1584-4E2D-A77B-BDAFD77DF2F6} = {48C310A5-9196-4F58-BC09-B28367ED76F4}
		{C0DACA9F-8F43-46F8-8901-B405BD491A2E} = {F59991EE-28D7-4388-BB72-9015985B45FD}
		{E9719613-5514-4782-8FD3-E5BC45138E6F} = {C0DACA9F-8F43-46F8-8901-B405BD491A2E}
		{03688EDF-E7A4-459E-B7B8-55F794629FCC} = {C0DACA9F-8F43-46F8-8901-B405BD491A2E}
		{9729A39E-3008-4083-98D6-DA28FE191916} = {C0DACA9F-8F43-46F8-8901-B405BD491A2E}
		{A4ED2FCD-E016-4F8D-A314-2485D7A5F5EB} = {C0DACA9F-8F43-46F8-8901-B405BD491A2E}
		{74D2C5F5-5F7E-498D-80CA-B8D770B286A7} = {C0DACA9F-8F43-46F8-8901-B405BD491A2E}
	EndGlobalSection
EndGlobal
